
Microsoft Visual Studio Solution File, Format Version 12.00
# Visual Studio Version 17
VisualStudioVersion = 17.9.34622.214
MinimumVisualStudioVersion = 10.0.40219.1
Project("{9A19103F-16F7-4668-BE54-9A1E7A4F7556}") = "AirportCEOAircraft", "AirportCEOAircraft\AirportCEOAircraft.csproj", "{2BE3A42D-F0E7-45A0-9232-81FC4DF99D3C}"
EndProject
Global
	GlobalSection(SolutionConfigurationPlatforms) = preSolution
		Debug|Any CPU = Debug|Any CPU
		Release|Any CPU = Release|Any CPU
	EndGlobalSection
	GlobalSection(ProjectConfigurationPlatforms) = postSolution
		{2BE3A42D-F0E7-45A0-9232-81FC4DF99D3C}.Debug|Any CPU.ActiveCfg = Debug|Any CPU
		{2BE3A42D-F0E7-45A0-9232-81FC4DF99D3C}.Debug|Any CPU.Build.0 = Debug|Any CPU
		{2BE3A42D-F0E7-45A0-9232-81FC4DF99D3C}.Release|Any CPU.ActiveCfg = Release|Any CPU
		{2BE3A42D-F0E7-45A0-9232-81FC4DF99D3C}.Release|Any CPU.Build.0 = Release|Any CPU
	EndGlobalSection
	GlobalSection(SolutionProperties) = preSolution
		HideSolutionNode = FALSE
	EndGlobalSection
	GlobalSection(ExtensibilityGlobals) = postSolution
		SolutionGuid = {E2E518B2-8CAF-4DDA-A710-A1C378900D73}
	EndGlobalSection
EndGlobal
